
Microsoft Visual Studio Solution File, Format Version 12.00
# Visual Studio 2012
Project("{FAE04EC0-301F-11D3-BF4B-00C04F79EFBC}") = "BootstrapForRazor2-NET45", "BootstrapForRazor2\BootstrapForRazor2-NET45.csproj", "{27F88D5A-6D73-4182-AFF4-134AEFC686A7}"
EndProject
Project("{FAE04EC0-301F-11D3-BF4B-00C04F79EFBC}") = "BootstrapForRazor2-NET4", "BootstrapForRazor2\BootstrapForRazor2-NET4.csproj", "{C1682221-F1FE-4A99-A4A6-EAEF7A17560A}"
EndProject
Global
	GlobalSection(SolutionConfigurationPlatforms) = preSolution
		Debug|Any CPU = Debug|Any CPU
		Release|Any CPU = Release|Any CPU
	EndGlobalSection
	GlobalSection(ProjectConfigurationPlatforms) = postSolution
		{27F88D5A-6D73-4182-AFF4-134AEFC686A7}.Debug|Any CPU.ActiveCfg = Debug|Any CPU
		{27F88D5A-6D73-4182-AFF4-134AEFC686A7}.Debug|Any CPU.Build.0 = Debug|Any CPU
		{27F88D5A-6D73-4182-AFF4-134AEFC686A7}.Release|Any CPU.ActiveCfg = Release|Any CPU
		{27F88D5A-6D73-4182-AFF4-134AEFC686A7}.Release|Any CPU.Build.0 = Release|Any CPU
		{C1682221-F1FE-4A99-A4A6-EAEF7A17560A}.Debug|Any CPU.ActiveCfg = Debug|Any CPU
		{C1682221-F1FE-4A99-A4A6-EAEF7A17560A}.Debug|Any CPU.Build.0 = Debug|Any CPU
		{C1682221-F1FE-4A99-A4A6-EAEF7A17560A}.Release|Any CPU.ActiveCfg = Release|Any CPU
		{C1682221-F1FE-4A99-A4A6-EAEF7A17560A}.Release|Any CPU.Build.0 = Release|Any CPU
	EndGlobalSection
	GlobalSection(SolutionProperties) = preSolution
		HideSolutionNode = FALSE
	EndGlobalSection
EndGlobal
